{
  "object": {
    "pins": [
      {
        "package": "LotteryFactory",
        "repositoryURL": "git@github.com:tranto/LotteryFactory.git",
        "state": {
          "branch": null,
          "revision": "5ee533e6b0f3c376e5eff6e0c61e8cd591ae86e0",
          "version": "1.0.0"
        }
      }
    ]
  },
  "version": 1
}
