{
  "object": {
    "pins": [
      {
        "package": "LotteryFactory",
        "repositoryURL": "git@github.com:tranto/LotteryFactory.git",
        "state": {
          "branch": null,
          "revision": "3fa3fb339e604ed9f0e7f8a227f9d5d19f81f437",
          "version": "1.0.1"
        }
      }
    ]
  },
  "version": 1
}
